
Microsoft Visual Studio Solution File, Format Version 12.00
# Visual Studio 2013
VisualStudioVersion = 12.0.30723.0
MinimumVisualStudioVersion = 10.0.40219.1
Project("{2150E333-8FDC-42A3-9474-1A3956D46DE8}") = "Data", "Data", "{A5136C52-A971-48AA-ADBA-484B865AE764}"
EndProject
Project("{2150E333-8FDC-42A3-9474-1A3956D46DE8}") = "Logic", "Logic", "{37554B44-FD64-4F04-844D-5953311946E7}"
EndProject
Project("{2150E333-8FDC-42A3-9474-1A3956D46DE8}") = "Web", "Web", "{770E878E-AA35-4878-AE01-67A6322A439E}"
EndProject
Project("{FAE04EC0-301F-11D3-BF4B-00C04F79EFBC}") = "ELearningMathApp.Common", "ELearningMathApp.Common\ELearningMathApp.Common.csproj", "{0639A09F-847D-4A77-8BB0-DC24EF0B8562}"
EndProject
Project("{FAE04EC0-301F-11D3-BF4B-00C04F79EFBC}") = "ELearningMathApp.Data", "ELearningMathApp.Data\ELearningMathApp.Data.csproj", "{51D4B8C5-12D9-4B75-957A-7DA6E9DEF81C}"
EndProject
Project("{FAE04EC0-301F-11D3-BF4B-00C04F79EFBC}") = "ELearningMathApp.Data.Models", "ELearningMathApp.Data.Models\ELearningMathApp.Data.Models.csproj", "{66ACE20C-960A-4BB1-AE44-BA2011B9D848}"
EndProject
Project("{2150E333-8FDC-42A3-9474-1A3956D46DE8}") = "Tests", "Tests", "{C90793D0-E010-4A50-BFA2-ECAA3D9B2FE9}"
EndProject
Project("{FAE04EC0-301F-11D3-BF4B-00C04F79EFBC}") = "ELearningMathApp.Web", "Web\ELearningMathApp.Web\ELearningMathApp.Web.csproj", "{5CA3D9A1-5AF0-4388-8FC3-BDB741ED5CF1}"
EndProject
Global
	GlobalSection(SolutionConfigurationPlatforms) = preSolution
		Debug|Any CPU = Debug|Any CPU
		Release|Any CPU = Release|Any CPU
	EndGlobalSection
	GlobalSection(ProjectConfigurationPlatforms) = postSolution
		{0639A09F-847D-4A77-8BB0-DC24EF0B8562}.Debug|Any CPU.ActiveCfg = Debug|Any CPU
		{0639A09F-847D-4A77-8BB0-DC24EF0B8562}.Debug|Any CPU.Build.0 = Debug|Any CPU
		{0639A09F-847D-4A77-8BB0-DC24EF0B8562}.Release|Any CPU.ActiveCfg = Release|Any CPU
		{0639A09F-847D-4A77-8BB0-DC24EF0B8562}.Release|Any CPU.Build.0 = Release|Any CPU
		{51D4B8C5-12D9-4B75-957A-7DA6E9DEF81C}.Debug|Any CPU.ActiveCfg = Debug|Any CPU
		{51D4B8C5-12D9-4B75-957A-7DA6E9DEF81C}.Debug|Any CPU.Build.0 = Debug|Any CPU
		{51D4B8C5-12D9-4B75-957A-7DA6E9DEF81C}.Release|Any CPU.ActiveCfg = Release|Any CPU
		{51D4B8C5-12D9-4B75-957A-7DA6E9DEF81C}.Release|Any CPU.Build.0 = Release|Any CPU
		{66ACE20C-960A-4BB1-AE44-BA2011B9D848}.Debug|Any CPU.ActiveCfg = Debug|Any CPU
		{66ACE20C-960A-4BB1-AE44-BA2011B9D848}.Debug|Any CPU.Build.0 = Debug|Any CPU
		{66ACE20C-960A-4BB1-AE44-BA2011B9D848}.Release|Any CPU.ActiveCfg = Release|Any CPU
		{66ACE20C-960A-4BB1-AE44-BA2011B9D848}.Release|Any CPU.Build.0 = Release|Any CPU
		{5CA3D9A1-5AF0-4388-8FC3-BDB741ED5CF1}.Debug|Any CPU.ActiveCfg = Debug|Any CPU
		{5CA3D9A1-5AF0-4388-8FC3-BDB741ED5CF1}.Debug|Any CPU.Build.0 = Debug|Any CPU
		{5CA3D9A1-5AF0-4388-8FC3-BDB741ED5CF1}.Release|Any CPU.ActiveCfg = Release|Any CPU
		{5CA3D9A1-5AF0-4388-8FC3-BDB741ED5CF1}.Release|Any CPU.Build.0 = Release|Any CPU
	EndGlobalSection
	GlobalSection(SolutionProperties) = preSolution
		HideSolutionNode = FALSE
	EndGlobalSection
	GlobalSection(NestedProjects) = preSolution
		{51D4B8C5-12D9-4B75-957A-7DA6E9DEF81C} = {A5136C52-A971-48AA-ADBA-484B865AE764}
		{66ACE20C-960A-4BB1-AE44-BA2011B9D848} = {A5136C52-A971-48AA-ADBA-484B865AE764}
		{5CA3D9A1-5AF0-4388-8FC3-BDB741ED5CF1} = {770E878E-AA35-4878-AE01-67A6322A439E}
	EndGlobalSection
EndGlobal
